
Microsoft Visual Studio Solution File, Format Version 12.00
# Visual Studio 15
Project("{FAE04EC0-301F-11D3-BF4B-00C04F79EFBC}") = "Algorithms_Lab_1", "Algorithms_Lab_1\Algorithms_Lab_1.csproj", "{1D3C0861-4A01-4B5A-BA88-DB6B0611C698}"
EndProject
Global
	GlobalSection(SolutionConfigurationPlatforms) = preSolution
		Debug|anycpu = Debug|anycpu
		Release|anycpu = Release|anycpu
	EndGlobalSection
	GlobalSection(ProjectConfigurationPlatforms) = postSolution
		{1D3C0861-4A01-4B5A-BA88-DB6B0611C698}.Debug|anycpu.ActiveCfg = Debug|anycpu
		{1D3C0861-4A01-4B5A-BA88-DB6B0611C698}.Debug|anycpu.Build.0 = Debug|anycpu
		{1D3C0861-4A01-4B5A-BA88-DB6B0611C698}.Release|anycpu.ActiveCfg = Release|anycpu
		{1D3C0861-4A01-4B5A-BA88-DB6B0611C698}.Release|anycpu.Build.0 = Release|anycpu
	EndGlobalSection
EndGlobal
